
Microsoft Visual Studio Solution File, Format Version 12.00
# Visual Studio Version 17
VisualStudioVersion = 17.6.33829.357
MinimumVisualStudioVersion = 10.0.40219.1
Project("{FAE04EC0-301F-11D3-BF4B-00C04F79EFBC}") = "CadMvvm", "CadMvvm.csproj", "{1160302D-E9C5-4656-BB12-8027A90A35CC}"
EndProject
Global
	GlobalSection(SolutionConfigurationPlatforms) = preSolution
		Debug|Any CPU = Debug|Any CPU
		Release|Any CPU = Release|Any CPU
	EndGlobalSection
	GlobalSection(ProjectConfigurationPlatforms) = postSolution
		{1160302D-E9C5-4656-BB12-8027A90A35CC}.Debug|Any CPU.ActiveCfg = Debug|Any CPU
		{1160302D-E9C5-4656-BB12-8027A90A35CC}.Debug|Any CPU.Build.0 = Debug|Any CPU
		{1160302D-E9C5-4656-BB12-8027A90A35CC}.Release|Any CPU.ActiveCfg = Release|Any CPU
		{1160302D-E9C5-4656-BB12-8027A90A35CC}.Release|Any CPU.Build.0 = Release|Any CPU
	EndGlobalSection
	GlobalSection(SolutionProperties) = preSolution
		HideSolutionNode = FALSE
	EndGlobalSection
	GlobalSection(ExtensibilityGlobals) = postSolution
		SolutionGuid = {A83CD1ED-3231-4A21-AEB0-B6F485EC3C34}
	EndGlobalSection
EndGlobal
